
Microsoft Visual Studio Solution File, Format Version 12.00
# Visual Studio Version 17
VisualStudioVersion = 17.0.31903.59
MinimumVisualStudioVersion = 10.0.40219.1
Project("{FAE04EC0-301F-11D3-BF4B-00C04F79EFBC}") = "Klase_i_objekti", "Klase_i_objekti\Klase_i_objekti.csproj", "{3C939365-48DA-4468-8071-4188FBDCBD10}"
EndProject
Global
	GlobalSection(SolutionConfigurationPlatforms) = preSolution
		Debug|Any CPU = Debug|Any CPU
		Release|Any CPU = Release|Any CPU
	EndGlobalSection
	GlobalSection(ProjectConfigurationPlatforms) = postSolution
		{3C939365-48DA-4468-8071-4188FBDCBD10}.Debug|Any CPU.ActiveCfg = Debug|Any CPU
		{3C939365-48DA-4468-8071-4188FBDCBD10}.Debug|Any CPU.Build.0 = Debug|Any CPU
		{3C939365-48DA-4468-8071-4188FBDCBD10}.Release|Any CPU.ActiveCfg = Release|Any CPU
		{3C939365-48DA-4468-8071-4188FBDCBD10}.Release|Any CPU.Build.0 = Release|Any CPU
	EndGlobalSection
	GlobalSection(SolutionProperties) = preSolution
		HideSolutionNode = FALSE
	EndGlobalSection
	GlobalSection(ExtensibilityGlobals) = postSolution
		SolutionGuid = {9D7EECF4-D84B-43D2-88BC-929C5027A900}
	EndGlobalSection
EndGlobal
